{
  "lockfileVersion": 1,
  "workspaces": {
    "": {
      "name": "bookmarkv",
      "devDependencies": {
        "@types/web": "^0.0.231",
      },
      "peerDependencies": {
        "typescript": "^5",
      },
    },
  },
  "packages": {
    "@types/web": ["@types/web@0.0.231", "", {}, "sha512-kVETlRQb0fhoswV0DoPE9Pq7I2s22CkEKH6lq2lHiKmh5/VMWSTLZhqOyEwdFj+0fb52PlYtZXuAMVN+nVwqZQ=="],

    "typescript": ["typescript@5.8.3", "", { "bin": { "tsc": "bin/tsc", "tsserver": "bin/tsserver" } }, "sha512-p1diW6TqL9L07nNxvRMM7hMMw4c5XOo/1ibL4aAIGmSAt9slTE1Xgw5KWuof2uTOvCg9BY7ZRi+GaF+7sfgPeQ=="],
  }
}
